
Microsoft Visual Studio Solution File, Format Version 12.00
# Visual Studio Version 17
VisualStudioVersion = 17.10.34928.147
MinimumVisualStudioVersion = 10.0.40219.1
Project("{8BC9CEB8-8B4A-11D0-8D11-00A0C91BC942}") = "OpenSiv3D_inverder", "OpenSiv3D_inverder\OpenSiv3D_inverder.vcxproj", "{515C3BA2-69FE-45D8-9805-1812A1CEBAE7}"
EndProject
Global
	GlobalSection(SolutionConfigurationPlatforms) = preSolution
		Debug|x64 = Debug|x64
		Release|x64 = Release|x64
	EndGlobalSection
	GlobalSection(ProjectConfigurationPlatforms) = postSolution
		{515C3BA2-69FE-45D8-9805-1812A1CEBAE7}.Debug|x64.ActiveCfg = Debug|x64
		{515C3BA2-69FE-45D8-9805-1812A1CEBAE7}.Debug|x64.Build.0 = Debug|x64
		{515C3BA2-69FE-45D8-9805-1812A1CEBAE7}.Release|x64.ActiveCfg = Release|x64
		{515C3BA2-69FE-45D8-9805-1812A1CEBAE7}.Release|x64.Build.0 = Release|x64
	EndGlobalSection
	GlobalSection(SolutionProperties) = preSolution
		HideSolutionNode = FALSE
	EndGlobalSection
	GlobalSection(ExtensibilityGlobals) = postSolution
		SolutionGuid = {76D8A9C7-E2E7-48AE-B9E1-766EBC4148A3}
	EndGlobalSection
EndGlobal
